// !$*UTF8*$!
{
	archiveVersion = 1;
	classes = {
	};
	objectVersion = 46;
	objects = {

/* Begin PBXBuildFile section */
		89C110AA18C948F38B42D0A9 /* libPods.a in Frameworks */ = {isa = PBXBuildFile; fileRef = 4AC0594C437945BAAC7F8DE7 /* libPods.a */; };
		D211D7C3188DC1D600EA0A42 /* Foundation.framework in Frameworks */ = {isa = PBXBuildFile; fileRef = D211D7C2188DC1D600EA0A42 /* Foundation.framework */; };
		D211D7C5188DC1D600EA0A42 /* CoreGraphics.framework in Frameworks */ = {isa = PBXBuildFile; fileRef = D211D7C4188DC1D600EA0A42 /* CoreGraphics.framework */; };
		D211D7C7188DC1D600EA0A42 /* UIKit.framework in Frameworks */ = {isa = PBXBuildFile; fileRef = D211D7C6188DC1D600EA0A42 /* UIKit.framework */; };
		D211D7CD188DC1D600EA0A42 /* InfoPlist.strings in Resources */ = {isa = PBXBuildFile; fileRef = D211D7CB188DC1D600EA0A42 /* InfoPlist.strings */; };
		D211D7CF188DC1D600EA0A42 /* main.m in Sources */ = {isa = PBXBuildFile; fileRef = D211D7CE188DC1D600EA0A42 /* main.m */; };
		D211D7D3188DC1D600EA0A42 /* SSAppDelegate.m in Sources */ = {isa = PBXBuildFile; fileRef = D211D7D2188DC1D600EA0A42 /* SSAppDelegate.m */; };
		D211D7D6188DC1D600EA0A42 /* Main.storyboard in Resources */ = {isa = PBXBuildFile; fileRef = D211D7D4188DC1D600EA0A42 /* Main.storyboard */; };
		D211D7DB188DC1D600EA0A42 /* Images.xcassets in Resources */ = {isa = PBXBuildFile; fileRef = D211D7DA188DC1D600EA0A42 /* Images.xcassets */; };
		D211D7E2188DC1D600EA0A42 /* XCTest.framework in Frameworks */ = {isa = PBXBuildFile; fileRef = D211D7E1188DC1D600EA0A42 /* XCTest.framework */; };
		D211D7E3188DC1D600EA0A42 /* Foundation.framework in Frameworks */ = {isa = PBXBuildFile; fileRef = D211D7C2188DC1D600EA0A42 /* Foundation.framework */; };
		D211D7E4188DC1D600EA0A42 /* UIKit.framework in Frameworks */ = {isa = PBXBuildFile; fileRef = D211D7C6188DC1D600EA0A42 /* UIKit.framework */; };
		D211D7EC188DC1D600EA0A42 /* InfoPlist.strings in Resources */ = {isa = PBXBuildFile; fileRef = D211D7EA188DC1D600EA0A42 /* InfoPlist.strings */; };
		D211D7EE188DC1D600EA0A42 /* Morse_TorchTests.m in Sources */ = {isa = PBXBuildFile; fileRef = D211D7ED188DC1D600EA0A42 /* Morse_TorchTests.m */; };
		D211D7F9188DC34200EA0A42 /* InputViewController.m in Sources */ = {isa = PBXBuildFile; fileRef = D211D7F8188DC34100EA0A42 /* InputViewController.m */; };
		D211D7FC188DC47A00EA0A42 /* NSString+MorseCode.m in Sources */ = {isa = PBXBuildFile; fileRef = D211D7FB188DC47A00EA0A42 /* NSString+MorseCode.m */; };
		D211D801188DC89E00EA0A42 /* Constants.m in Sources */ = {isa = PBXBuildFile; fileRef = D211D800188DC89E00EA0A42 /* Constants.m */; };
		D22B18AE18930B6B0043D7A0 /* SSBrightnessDetector.m in Sources */ = {isa = PBXBuildFile; fileRef = D22B18AD18930B6B0043D7A0 /* SSBrightnessDetector.m */; settings = {COMPILER_FLAGS = "-fno-objc-arc"; }; };
		D22B18B2189315290043D7A0 /* SSMorseButton.m in Sources */ = {isa = PBXBuildFile; fileRef = D22B18B1189315290043D7A0 /* SSMorseButton.m */; };
		D280F1041890825400FDC137 /* SSPageViewController.m in Sources */ = {isa = PBXBuildFile; fileRef = D280F1031890825400FDC137 /* SSPageViewController.m */; };
		D280F10718908F9700FDC137 /* SSViewController.m in Sources */ = {isa = PBXBuildFile; fileRef = D280F10618908F9700FDC137 /* SSViewController.m */; };
		D280F10A189091C200FDC137 /* SSReceiveViewController.m in Sources */ = {isa = PBXBuildFile; fileRef = D280F109189091C200FDC137 /* SSReceiveViewController.m */; };
		D280F10D1890995600FDC137 /* SSTorchAccess.m in Sources */ = {isa = PBXBuildFile; fileRef = D280F10C1890995600FDC137 /* SSTorchAccess.m */; };
		D280F1101890AC2600FDC137 /* SSProgressViewRingGradient.m in Sources */ = {isa = PBXBuildFile; fileRef = D280F10F1890AC2600FDC137 /* SSProgressViewRingGradient.m */; };
		D290E752189AD7C2002F59E9 /* M13ProgressConsole.h in Resources */ = {isa = PBXBuildFile; fileRef = D290E730189AD7C2002F59E9 /* M13ProgressConsole.h */; };
		D290E753189AD7C2002F59E9 /* M13ProgressConsole.m in Resources */ = {isa = PBXBuildFile; fileRef = D290E731189AD7C2002F59E9 /* M13ProgressConsole.m */; };
		D290E754189AD7C2002F59E9 /* M13ProgressHUD.h in Resources */ = {isa = PBXBuildFile; fileRef = D290E732189AD7C2002F59E9 /* M13ProgressHUD.h */; };
		D290E755189AD7C2002F59E9 /* M13ProgressHUD.m in Resources */ = {isa = PBXBuildFile; fileRef = D290E733189AD7C2002F59E9 /* M13ProgressHUD.m */; };
		D290E756189AD7C2002F59E9 /* M13ProgressView.h in Resources */ = {isa = PBXBuildFile; fileRef = D290E734189AD7C2002F59E9 /* M13ProgressView.h */; };
		D290E757189AD7C2002F59E9 /* M13ProgressView.m in Resources */ = {isa = PBXBuildFile; fileRef = D290E735189AD7C2002F59E9 /* M13ProgressView.m */; };
		D290E758189AD7C2002F59E9 /* M13ProgressViewBar.h in Resources */ = {isa = PBXBuildFile; fileRef = D290E736189AD7C2002F59E9 /* M13ProgressViewBar.h */; };
		D290E759189AD7C2002F59E9 /* M13ProgressViewBar.m in Resources */ = {isa = PBXBuildFile; fileRef = D290E737189AD7C2002F59E9 /* M13ProgressViewBar.m */; };
		D290E75A189AD7C2002F59E9 /* M13ProgressViewBorderedBar.h in Resources */ = {isa = PBXBuildFile; fileRef = D290E738189AD7C2002F59E9 /* M13ProgressViewBorderedBar.h */; };
		D290E75B189AD7C2002F59E9 /* M13ProgressViewBorderedBar.m in Resources */ = {isa = PBXBuildFile; fileRef = D290E739189AD7C2002F59E9 /* M13ProgressViewBorderedBar.m */; };
		D290E75C189AD7C2002F59E9 /* M13ProgressViewFilteredImage.h in Resources */ = {isa = PBXBuildFile; fileRef = D290E73A189AD7C2002F59E9 /* M13ProgressViewFilteredImage.h */; };
		D290E75D189AD7C2002F59E9 /* M13ProgressViewFilteredImage.m in Resources */ = {isa = PBXBuildFile; fileRef = D290E73B189AD7C2002F59E9 /* M13ProgressViewFilteredImage.m */; };
		D290E75E189AD7C2002F59E9 /* M13ProgressViewImage.h in Resources */ = {isa = PBXBuildFile; fileRef = D290E73C189AD7C2002F59E9 /* M13ProgressViewImage.h */; };
		D290E75F189AD7C2002F59E9 /* M13ProgressViewImage.m in Resources */ = {isa = PBXBuildFile; fileRef = D290E73D189AD7C2002F59E9 /* M13ProgressViewImage.m */; };
		D290E760189AD7C2002F59E9 /* M13ProgressViewPie.h in Resources */ = {isa = PBXBuildFile; fileRef = D290E73E189AD7C2002F59E9 /* M13ProgressViewPie.h */; };
		D290E761189AD7C2002F59E9 /* M13ProgressViewPie.m in Resources */ = {isa = PBXBuildFile; fileRef = D290E73F189AD7C2002F59E9 /* M13ProgressViewPie.m */; };
		D290E762189AD7C2002F59E9 /* M13ProgressViewRing.h in Resources */ = {isa = PBXBuildFile; fileRef = D290E740189AD7C2002F59E9 /* M13ProgressViewRing.h */; };
		D290E763189AD7C2002F59E9 /* M13ProgressViewRing.m in Resources */ = {isa = PBXBuildFile; fileRef = D290E741189AD7C2002F59E9 /* M13ProgressViewRing.m */; };
		D290E764189AD7C2002F59E9 /* M13ProgressViewSegmentedBar.h in Resources */ = {isa = PBXBuildFile; fileRef = D290E742189AD7C2002F59E9 /* M13ProgressViewSegmentedBar.h */; };
		D290E765189AD7C2002F59E9 /* M13ProgressViewSegmentedBar.m in Resources */ = {isa = PBXBuildFile; fileRef = D290E743189AD7C2002F59E9 /* M13ProgressViewSegmentedBar.m */; };
		D290E766189AD7C2002F59E9 /* M13ProgressViewSegmentedRing.h in Resources */ = {isa = PBXBuildFile; fileRef = D290E744189AD7C2002F59E9 /* M13ProgressViewSegmentedRing.h */; };
		D290E767189AD7C2002F59E9 /* M13ProgressViewSegmentedRing.m in Resources */ = {isa = PBXBuildFile; fileRef = D290E745189AD7C2002F59E9 /* M13ProgressViewSegmentedRing.m */; };
		D290E768189AD7C2002F59E9 /* M13ProgressViewStripedBar.h in Resources */ = {isa = PBXBuildFile; fileRef = D290E746189AD7C2002F59E9 /* M13ProgressViewStripedBar.h */; };
		D290E769189AD7C2002F59E9 /* M13ProgressViewStripedBar.m in Resources */ = {isa = PBXBuildFile; fileRef = D290E747189AD7C2002F59E9 /* M13ProgressViewStripedBar.m */; };
		D290E76A189AD7C2002F59E9 /* UIImage+ImageEffects.h in Resources */ = {isa = PBXBuildFile; fileRef = D290E748189AD7C2002F59E9 /* UIImage+ImageEffects.h */; };
		D290E76B189AD7C2002F59E9 /* UIImage+ImageEffects.m in Resources */ = {isa = PBXBuildFile; fileRef = D290E749189AD7C2002F59E9 /* UIImage+ImageEffects.m */; };
		D290E76C189AD7C2002F59E9 /* UINavigationController+M13ProgressViewBar.h in Resources */ = {isa = PBXBuildFile; fileRef = D290E74A189AD7C2002F59E9 /* UINavigationController+M13ProgressViewBar.h */; };
		D290E76D189AD7C2002F59E9 /* UINavigationController+M13ProgressViewBar.m in Resources */ = {isa = PBXBuildFile; fileRef = D290E74B189AD7C2002F59E9 /* UINavigationController+M13ProgressViewBar.m */; };
		D290E76E189AD7C2002F59E9 /* Pods-M13ProgressSuite.xcconfig in Resources */ = {isa = PBXBuildFile; fileRef = D290E74C189AD7C2002F59E9 /* Pods-M13ProgressSuite.xcconfig */; };
		D290E76F189AD7C2002F59E9 /* Pods-M13ProgressSuite-Private.xcconfig in Resources */ = {isa = PBXBuildFile; fileRef = D290E74D189AD7C2002F59E9 /* Pods-M13ProgressSuite-Private.xcconfig */; };
		D290E770189AD7C2002F59E9 /* Pods-M13ProgressSuite-dummy.m in Resources */ = {isa = PBXBuildFile; fileRef = D290E74E189AD7C2002F59E9 /* Pods-M13ProgressSuite-dummy.m */; };
		D290E771189AD7C2002F59E9 /* Pods-M13ProgressSuite-prefix.pch in Resources */ = {isa = PBXBuildFile; fileRef = D290E74F189AD7C2002F59E9 /* Pods-M13ProgressSuite-prefix.pch */; };
		D29A2A0B188DF5E4009FA15E /* UIColor+MorseTorch.m in Sources */ = {isa = PBXBuildFile; fileRef = D29A2A0A188DF5E4009FA15E /* UIColor+MorseTorch.m */; };
		D2DE95ED1894EA8800ECEF7F /* SSResponsiveScrollView.m in Sources */ = {isa = PBXBuildFile; fileRef = D2DE95EC1894EA8800ECEF7F /* SSResponsiveScrollView.m */; };
/* End PBXBuildFile section */

/* Begin PBXContainerItemProxy section */
		D211D7E5188DC1D600EA0A42 /* PBXContainerItemProxy */ = {
			isa = PBXContainerItemProxy;
			containerPortal = D211D7B7188DC1D600EA0A42 /* Project object */;
			proxyType = 1;
			remoteGlobalIDString = D211D7BE188DC1D600EA0A42;
			remoteInfo = "Morse Torch";
		};
/* End PBXContainerItemProxy section */

/* Begin PBXFileReference section */
		4AC0594C437945BAAC7F8DE7 /* libPods.a */ = {isa = PBXFileReference; explicitFileType = archive.ar; includeInIndex = 0; path = libPods.a; sourceTree = BUILT_PRODUCTS_DIR; };
		D012767FCD354272A6EADE44 /* Pods.xcconfig */ = {isa = PBXFileReference; includeInIndex = 1; lastKnownFileType = text.xcconfig; name = Pods.xcconfig; path = Pods/Pods.xcconfig; sourceTree = "<group>"; };
		D211D7BF188DC1D600EA0A42 /* Morse Torch.app */ = {isa = PBXFileReference; explicitFileType = wrapper.application; includeInIndex = 0; path = "Morse Torch.app"; sourceTree = BUILT_PRODUCTS_DIR; };
		D211D7C2188DC1D600EA0A42 /* Foundation.framework */ = {isa = PBXFileReference; lastKnownFileType = wrapper.framework; name = Foundation.framework; path = System/Library/Frameworks/Foundation.framework; sourceTree = SDKROOT; };
		D211D7C4188DC1D600EA0A42 /* CoreGraphics.framework */ = {isa = PBXFileReference; lastKnownFileType = wrapper.framework; name = CoreGraphics.framework; path = System/Library/Frameworks/CoreGraphics.framework; sourceTree = SDKROOT; };
		D211D7C6188DC1D600EA0A42 /* UIKit.framework */ = {isa = PBXFileReference; lastKnownFileType = wrapper.framework; name = UIKit.framework; path = System/Library/Frameworks/UIKit.framework; sourceTree = SDKROOT; };
		D211D7CA188DC1D600EA0A42 /* Morse Torch-Info.plist */ = {isa = PBXFileReference; lastKnownFileType = text.plist.xml; path = "Morse Torch-Info.plist"; sourceTree = "<group>"; };
		D211D7CC188DC1D600EA0A42 /* en */ = {isa = PBXFileReference; lastKnownFileType = text.plist.strings; name = en; path = en.lproj/InfoPlist.strings; sourceTree = "<group>"; };
		D211D7CE188DC1D600EA0A42 /* main.m */ = {isa = PBXFileReference; lastKnownFileType = sourcecode.c.objc; path = main.m; sourceTree = "<group>"; };
		D211D7D0188DC1D600EA0A42 /* Morse Torch-Prefix.pch */ = {isa = PBXFileReference; lastKnownFileType = sourcecode.c.h; path = "Morse Torch-Prefix.pch"; sourceTree = "<group>"; };
		D211D7D1188DC1D600EA0A42 /* SSAppDelegate.h */ = {isa = PBXFileReference; lastKnownFileType = sourcecode.c.h; path = SSAppDelegate.h; sourceTree = "<group>"; };
		D211D7D2188DC1D600EA0A42 /* SSAppDelegate.m */ = {isa = PBXFileReference; lastKnownFileType = sourcecode.c.objc; path = SSAppDelegate.m; sourceTree = "<group>"; };
		D211D7D5188DC1D600EA0A42 /* Base */ = {isa = PBXFileReference; lastKnownFileType = file.storyboard; name = Base; path = Base.lproj/Main.storyboard; sourceTree = "<group>"; };
		D211D7DA188DC1D600EA0A42 /* Images.xcassets */ = {isa = PBXFileReference; lastKnownFileType = folder.assetcatalog; path = Images.xcassets; sourceTree = "<group>"; };
		D211D7E0188DC1D600EA0A42 /* Morse TorchTests.xctest */ = {isa = PBXFileReference; explicitFileType = wrapper.cfbundle; includeInIndex = 0; path = "Morse TorchTests.xctest"; sourceTree = BUILT_PRODUCTS_DIR; };
		D211D7E1188DC1D600EA0A42 /* XCTest.framework */ = {isa = PBXFileReference; lastKnownFileType = wrapper.framework; name = XCTest.framework; path = Library/Frameworks/XCTest.framework; sourceTree = DEVELOPER_DIR; };
		D211D7E9188DC1D600EA0A42 /* Morse TorchTests-Info.plist */ = {isa = PBXFileReference; lastKnownFileType = text.plist.xml; path = "Morse TorchTests-Info.plist"; sourceTree = "<group>"; };
		D211D7EB188DC1D600EA0A42 /* en */ = {isa = PBXFileReference; lastKnownFileType = text.plist.strings; name = en; path = en.lproj/InfoPlist.strings; sourceTree = "<group>"; };
		D211D7ED188DC1D600EA0A42 /* Morse_TorchTests.m */ = {isa = PBXFileReference; lastKnownFileType = sourcecode.c.objc; path = Morse_TorchTests.m; sourceTree = "<group>"; };
		D211D7F7188DC34100EA0A42 /* InputViewController.h */ = {isa = PBXFileReference; fileEncoding = 4; lastKnownFileType = sourcecode.c.h; name = InputViewController.h; path = ../InputViewController.h; sourceTree = "<group>"; };
		D211D7F8188DC34100EA0A42 /* InputViewController.m */ = {isa = PBXFileReference; fileEncoding = 4; lastKnownFileType = sourcecode.c.objc; name = InputViewController.m; path = ../InputViewController.m; sourceTree = "<group>"; };
		D211D7FA188DC47A00EA0A42 /* NSString+MorseCode.h */ = {isa = PBXFileReference; fileEncoding = 4; lastKnownFileType = sourcecode.c.h; path = "NSString+MorseCode.h"; sourceTree = "<group>"; };
		D211D7FB188DC47A00EA0A42 /* NSString+MorseCode.m */ = {isa = PBXFileReference; fileEncoding = 4; lastKnownFileType = sourcecode.c.objc; path = "NSString+MorseCode.m"; sourceTree = "<group>"; };
		D211D7FF188DC89E00EA0A42 /* Constants.h */ = {isa = PBXFileReference; fileEncoding = 4; lastKnownFileType = sourcecode.c.h; path = Constants.h; sourceTree = "<group>"; };
		D211D800188DC89E00EA0A42 /* Constants.m */ = {isa = PBXFileReference; fileEncoding = 4; lastKnownFileType = sourcecode.c.objc; path = Constants.m; sourceTree = "<group>"; };
		D22B18AC18930B6B0043D7A0 /* SSBrightnessDetector.h */ = {isa = PBXFileReference; fileEncoding = 4; lastKnownFileType = sourcecode.c.h; path = SSBrightnessDetector.h; sourceTree = "<group>"; };
		D22B18AD18930B6B0043D7A0 /* SSBrightnessDetector.m */ = {isa = PBXFileReference; fileEncoding = 4; lastKnownFileType = sourcecode.c.objc; path = SSBrightnessDetector.m; sourceTree = "<group>"; };
		D22B18B0189315290043D7A0 /* SSMorseButton.h */ = {isa = PBXFileReference; fileEncoding = 4; lastKnownFileType = sourcecode.c.h; path = SSMorseButton.h; sourceTree = "<group>"; };
		D22B18B1189315290043D7A0 /* SSMorseButton.m */ = {isa = PBXFileReference; fileEncoding = 4; lastKnownFileType = sourcecode.c.objc; path = SSMorseButton.m; sourceTree = "<group>"; };
		D280F1021890825400FDC137 /* SSPageViewController.h */ = {isa = PBXFileReference; fileEncoding = 4; lastKnownFileType = sourcecode.c.h; path = SSPageViewController.h; sourceTree = "<group>"; };
		D280F1031890825400FDC137 /* SSPageViewController.m */ = {isa = PBXFileReference; fileEncoding = 4; lastKnownFileType = sourcecode.c.objc; path = SSPageViewController.m; sourceTree = "<group>"; };
		D280F10518908F9700FDC137 /* SSViewController.h */ = {isa = PBXFileReference; fileEncoding = 4; lastKnownFileType = sourcecode.c.h; path = SSViewController.h; sourceTree = "<group>"; };
		D280F10618908F9700FDC137 /* SSViewController.m */ = {isa = PBXFileReference; fileEncoding = 4; lastKnownFileType = sourcecode.c.objc; path = SSViewController.m; sourceTree = "<group>"; };
		D280F108189091C200FDC137 /* SSReceiveViewController.h */ = {isa = PBXFileReference; fileEncoding = 4; lastKnownFileType = sourcecode.c.h; path = SSReceiveViewController.h; sourceTree = "<group>"; };
		D280F109189091C200FDC137 /* SSReceiveViewController.m */ = {isa = PBXFileReference; fileEncoding = 4; lastKnownFileType = sourcecode.c.objc; path = SSReceiveViewController.m; sourceTree = "<group>"; };
		D280F10B1890995600FDC137 /* SSTorchAccess.h */ = {isa = PBXFileReference; fileEncoding = 4; lastKnownFileType = sourcecode.c.h; path = SSTorchAccess.h; sourceTree = "<group>"; };
		D280F10C1890995600FDC137 /* SSTorchAccess.m */ = {isa = PBXFileReference; fileEncoding = 4; lastKnownFileType = sourcecode.c.objc; path = SSTorchAccess.m; sourceTree = "<group>"; };
		D280F10E1890AC2600FDC137 /* SSProgressViewRingGradient.h */ = {isa = PBXFileReference; fileEncoding = 4; lastKnownFileType = sourcecode.c.h; path = SSProgressViewRingGradient.h; sourceTree = "<group>"; };
		D280F10F1890AC2600FDC137 /* SSProgressViewRingGradient.m */ = {isa = PBXFileReference; fileEncoding = 4; lastKnownFileType = sourcecode.c.objc; path = SSProgressViewRingGradient.m; sourceTree = "<group>"; };
		D290E730189AD7C2002F59E9 /* M13ProgressConsole.h */ = {isa = PBXFileReference; lastKnownFileType = file; name = M13ProgressConsole.h; path = Classes/Console/M13ProgressConsole.h; sourceTree = "<group>"; };
		D290E731189AD7C2002F59E9 /* M13ProgressConsole.m */ = {isa = PBXFileReference; lastKnownFileType = file; name = M13ProgressConsole.m; path = Classes/Console/M13ProgressConsole.m; sourceTree = "<group>"; };
		D290E732189AD7C2002F59E9 /* M13ProgressHUD.h */ = {isa = PBXFileReference; lastKnownFileType = file; name = M13ProgressHUD.h; path = Classes/HUD/M13ProgressHUD.h; sourceTree = "<group>"; };
		D290E733189AD7C2002F59E9 /* M13ProgressHUD.m */ = {isa = PBXFileReference; lastKnownFileType = file; name = M13ProgressHUD.m; path = Classes/HUD/M13ProgressHUD.m; sourceTree = "<group>"; };
		D290E734189AD7C2002F59E9 /* M13ProgressView.h */ = {isa = PBXFileReference; lastKnownFileType = file; name = M13ProgressView.h; path = Classes/ProgressViews/M13ProgressView.h; sourceTree = "<group>"; };
		D290E735189AD7C2002F59E9 /* M13ProgressView.m */ = {isa = PBXFileReference; lastKnownFileType = file; name = M13ProgressView.m; path = Classes/ProgressViews/M13ProgressView.m; sourceTree = "<group>"; };
		D290E736189AD7C2002F59E9 /* M13ProgressViewBar.h */ = {isa = PBXFileReference; lastKnownFileType = file; name = M13ProgressViewBar.h; path = Classes/ProgressViews/M13ProgressViewBar.h; sourceTree = "<group>"; };
		D290E737189AD7C2002F59E9 /* M13ProgressViewBar.m */ = {isa = PBXFileReference; lastKnownFileType = file; name = M13ProgressViewBar.m; path = Classes/ProgressViews/M13ProgressViewBar.m; sourceTree = "<group>"; };
		D290E738189AD7C2002F59E9 /* M13ProgressViewBorderedBar.h */ = {isa = PBXFileReference; lastKnownFileType = file; name = M13ProgressViewBorderedBar.h; path = Classes/ProgressViews/M13ProgressViewBorderedBar.h; sourceTree = "<group>"; };
		D290E739189AD7C2002F59E9 /* M13ProgressViewBorderedBar.m */ = {isa = PBXFileReference; lastKnownFileType = file; name = M13ProgressViewBorderedBar.m; path = Classes/ProgressViews/M13ProgressViewBorderedBar.m; sourceTree = "<group>"; };
		D290E73A189AD7C2002F59E9 /* M13ProgressViewFilteredImage.h */ = {isa = PBXFileReference; lastKnownFileType = file; name = M13ProgressViewFilteredImage.h; path = Classes/ProgressViews/M13ProgressViewFilteredImage.h; sourceTree = "<group>"; };
		D290E73B189AD7C2002F59E9 /* M13ProgressViewFilteredImage.m */ = {isa = PBXFileReference; lastKnownFileType = file; name = M13ProgressViewFilteredImage.m; path = Classes/ProgressViews/M13ProgressViewFilteredImage.m; sourceTree = "<group>"; };
		D290E73C189AD7C2002F59E9 /* M13ProgressViewImage.h */ = {isa = PBXFileReference; lastKnownFileType = file; name = M13ProgressViewImage.h; path = Classes/ProgressViews/M13ProgressViewImage.h; sourceTree = "<group>"; };
		D290E73D189AD7C2002F59E9 /* M13ProgressViewImage.m */ = {isa = PBXFileReference; lastKnownFileType = file; name = M13ProgressViewImage.m; path = Classes/ProgressViews/M13ProgressViewImage.m; sourceTree = "<group>"; };
		D290E73E189AD7C2002F59E9 /* M13ProgressViewPie.h */ = {isa = PBXFileReference; lastKnownFileType = file; name = M13ProgressViewPie.h; path = Classes/ProgressViews/M13ProgressViewPie.h; sourceTree = "<group>"; };
		D290E73F189AD7C2002F59E9 /* M13ProgressViewPie.m */ = {isa = PBXFileReference; lastKnownFileType = file; name = M13ProgressViewPie.m; path = Classes/ProgressViews/M13ProgressViewPie.m; sourceTree = "<group>"; };
		D290E740189AD7C2002F59E9 /* M13ProgressViewRing.h */ = {isa = PBXFileReference; lastKnownFileType = file; name = M13ProgressViewRing.h; path = Classes/ProgressViews/M13ProgressViewRing.h; sourceTree = "<group>"; };
		D290E741189AD7C2002F59E9 /* M13ProgressViewRing.m */ = {isa = PBXFileReference; lastKnownFileType = file; name = M13ProgressViewRing.m; path = Classes/ProgressViews/M13ProgressViewRing.m; sourceTree = "<group>"; };
		D290E742189AD7C2002F59E9 /* M13ProgressViewSegmentedBar.h */ = {isa = PBXFileReference; lastKnownFileType = file; name = M13ProgressViewSegmentedBar.h; path = Classes/ProgressViews/M13ProgressViewSegmentedBar.h; sourceTree = "<group>"; };
		D290E743189AD7C2002F59E9 /* M13ProgressViewSegmentedBar.m */ = {isa = PBXFileReference; lastKnownFileType = file; name = M13ProgressViewSegmentedBar.m; path = Classes/ProgressViews/M13ProgressViewSegmentedBar.m; sourceTree = "<group>"; };
		D290E744189AD7C2002F59E9 /* M13ProgressViewSegmentedRing.h */ = {isa = PBXFileReference; lastKnownFileType = file; name = M13ProgressViewSegmentedRing.h; path = Classes/ProgressViews/M13ProgressViewSegmentedRing.h; sourceTree = "<group>"; };
		D290E745189AD7C2002F59E9 /* M13ProgressViewSegmentedRing.m */ = {isa = PBXFileReference; lastKnownFileType = file; name = M13ProgressViewSegmentedRing.m; path = Classes/ProgressViews/M13ProgressViewSegmentedRing.m; sourceTree = "<group>"; };
		D290E746189AD7C2002F59E9 /* M13ProgressViewStripedBar.h */ = {isa = PBXFileReference; lastKnownFileType = file; name = M13ProgressViewStripedBar.h; path = Classes/ProgressViews/M13ProgressViewStripedBar.h; sourceTree = "<group>"; };
		D290E747189AD7C2002F59E9 /* M13ProgressViewStripedBar.m */ = {isa = PBXFileReference; lastKnownFileType = file; name = M13ProgressViewStripedBar.m; path = Classes/ProgressViews/M13ProgressViewStripedBar.m; sourceTree = "<group>"; };
		D290E748189AD7C2002F59E9 /* UIImage+ImageEffects.h */ = {isa = PBXFileReference; lastKnownFileType = file; name = "UIImage+ImageEffects.h"; path = "Classes/HUD/UIImage+ImageEffects.h"; sourceTree = "<group>"; };
		D290E749189AD7C2002F59E9 /* UIImage+ImageEffects.m */ = {isa = PBXFileReference; lastKnownFileType = file; name = "UIImage+ImageEffects.m"; path = "Classes/HUD/UIImage+ImageEffects.m"; sourceTree = "<group>"; };
		D290E74A189AD7C2002F59E9 /* UINavigationController+M13ProgressViewBar.h */ = {isa = PBXFileReference; lastKnownFileType = file; name = "UINavigationController+M13ProgressViewBar.h"; path = "Classes/NavigationController/UINavigationController+M13ProgressViewBar.h"; sourceTree = "<group>"; };
		D290E74B189AD7C2002F59E9 /* UINavigationController+M13ProgressViewBar.m */ = {isa = PBXFileReference; lastKnownFileType = file; name = "UINavigationController+M13ProgressViewBar.m"; path = "Classes/NavigationController/UINavigationController+M13ProgressViewBar.m"; sourceTree = "<group>"; };
		D290E74C189AD7C2002F59E9 /* Pods-M13ProgressSuite.xcconfig */ = {isa = PBXFileReference; lastKnownFileType = file; path = "Pods-M13ProgressSuite.xcconfig"; sourceTree = "<group>"; };
		D290E74D189AD7C2002F59E9 /* Pods-M13ProgressSuite-Private.xcconfig */ = {isa = PBXFileReference; lastKnownFileType = file; path = "Pods-M13ProgressSuite-Private.xcconfig"; sourceTree = "<group>"; };
		D290E74E189AD7C2002F59E9 /* Pods-M13ProgressSuite-dummy.m */ = {isa = PBXFileReference; lastKnownFileType = file; path = "Pods-M13ProgressSuite-dummy.m"; sourceTree = "<group>"; };
		D290E74F189AD7C2002F59E9 /* Pods-M13ProgressSuite-prefix.pch */ = {isa = PBXFileReference; lastKnownFileType = file; path = "Pods-M13ProgressSuite-prefix.pch"; sourceTree = "<group>"; };
		D29A2A09188DF5E4009FA15E /* UIColor+MorseTorch.h */ = {isa = PBXFileReference; fileEncoding = 4; lastKnownFileType = sourcecode.c.h; path = "UIColor+MorseTorch.h"; sourceTree = "<group>"; };
		D29A2A0A188DF5E4009FA15E /* UIColor+MorseTorch.m */ = {isa = PBXFileReference; fileEncoding = 4; lastKnownFileType = sourcecode.c.objc; path = "UIColor+MorseTorch.m"; sourceTree = "<group>"; };
		D2DE95EB1894EA8800ECEF7F /* SSResponsiveScrollView.h */ = {isa = PBXFileReference; fileEncoding = 4; lastKnownFileType = sourcecode.c.h; path = SSResponsiveScrollView.h; sourceTree = "<group>"; };
		D2DE95EC1894EA8800ECEF7F /* SSResponsiveScrollView.m */ = {isa = PBXFileReference; fileEncoding = 4; lastKnownFileType = sourcecode.c.objc; path = SSResponsiveScrollView.m; sourceTree = "<group>"; };
/* End PBXFileReference section */

/* Begin PBXFrameworksBuildPhase section */
		D211D7BC188DC1D600EA0A42 /* Frameworks */ = {
			isa = PBXFrameworksBuildPhase;
			buildActionMask = 2147483647;
			files = (
				D211D7C5188DC1D600EA0A42 /* CoreGraphics.framework in Frameworks */,
				D211D7C7188DC1D600EA0A42 /* UIKit.framework in Frameworks */,
				D211D7C3188DC1D600EA0A42 /* Foundation.framework in Frameworks */,
				89C110AA18C948F38B42D0A9 /* libPods.a in Frameworks */,
			);
			runOnlyForDeploymentPostprocessing = 0;
		};
		D211D7DD188DC1D600EA0A42 /* Frameworks */ = {
			isa = PBXFrameworksBuildPhase;
			buildActionMask = 2147483647;
			files = (
				D211D7E2188DC1D600EA0A42 /* XCTest.framework in Frameworks */,
				D211D7E4188DC1D600EA0A42 /* UIKit.framework in Frameworks */,
				D211D7E3188DC1D600EA0A42 /* Foundation.framework in Frameworks */,
			);
			runOnlyForDeploymentPostprocessing = 0;
		};
/* End PBXFrameworksBuildPhase section */

/* Begin PBXGroup section */
		D211D7B6188DC1D600EA0A42 = {
			isa = PBXGroup;
			children = (
				D211D7C8188DC1D600EA0A42 /* Morse Torch */,
				D211D7E7188DC1D600EA0A42 /* Morse TorchTests */,
				D211D7C1188DC1D600EA0A42 /* Frameworks */,
				D211D7C0188DC1D600EA0A42 /* Products */,
				D012767FCD354272A6EADE44 /* Pods.xcconfig */,
			);
			sourceTree = "<group>";
		};
		D211D7C0188DC1D600EA0A42 /* Products */ = {
			isa = PBXGroup;
			children = (
				D211D7BF188DC1D600EA0A42 /* Morse Torch.app */,
				D211D7E0188DC1D600EA0A42 /* Morse TorchTests.xctest */,
			);
			name = Products;
			sourceTree = "<group>";
		};
		D211D7C1188DC1D600EA0A42 /* Frameworks */ = {
			isa = PBXGroup;
			children = (
				D211D7C2188DC1D600EA0A42 /* Foundation.framework */,
				D211D7C4188DC1D600EA0A42 /* CoreGraphics.framework */,
				D211D7C6188DC1D600EA0A42 /* UIKit.framework */,
				D211D7E1188DC1D600EA0A42 /* XCTest.framework */,
				4AC0594C437945BAAC7F8DE7 /* libPods.a */,
			);
			name = Frameworks;
			sourceTree = "<group>";
		};
		D211D7C8188DC1D600EA0A42 /* Morse Torch */ = {
			isa = PBXGroup;
			children = (
				D211D7D1188DC1D600EA0A42 /* SSAppDelegate.h */,
				D211D7D2188DC1D600EA0A42 /* SSAppDelegate.m */,
				D211D7D4188DC1D600EA0A42 /* Main.storyboard */,
				D211D7DA188DC1D600EA0A42 /* Images.xcassets */,
				D211D7FF188DC89E00EA0A42 /* Constants.h */,
				D211D800188DC89E00EA0A42 /* Constants.m */,
				D29A2A68188F4EBC009FA15E /* Model */,
				D211D7FE188DC48C00EA0A42 /* Views */,
				D2DE95EA1894EA2A00ECEF7F /* Controller */,
				D211D7FD188DC48400EA0A42 /* Categories */,
				D211D7C9188DC1D600EA0A42 /* Supporting Files */,
			);
			path = "Morse Torch";
			sourceTree = "<group>";
		};
		D211D7C9188DC1D600EA0A42 /* Supporting Files */ = {
			isa = PBXGroup;
			children = (
				D290E751189AD7C2002F59E9 /* M13ProgressSuite */,
				D211D7CA188DC1D600EA0A42 /* Morse Torch-Info.plist */,
				D211D7CB188DC1D600EA0A42 /* InfoPlist.strings */,
				D211D7CE188DC1D600EA0A42 /* main.m */,
				D211D7D0188DC1D600EA0A42 /* Morse Torch-Prefix.pch */,
			);
			name = "Supporting Files";
			sourceTree = "<group>";
		};
		D211D7E7188DC1D600EA0A42 /* Morse TorchTests */ = {
			isa = PBXGroup;
			children = (
				D211D7ED188DC1D600EA0A42 /* Morse_TorchTests.m */,
				D211D7E8188DC1D600EA0A42 /* Supporting Files */,
			);
			path = "Morse TorchTests";
			sourceTree = "<group>";
		};
		D211D7E8188DC1D600EA0A42 /* Supporting Files */ = {
			isa = PBXGroup;
			children = (
				D211D7E9188DC1D600EA0A42 /* Morse TorchTests-Info.plist */,
				D211D7EA188DC1D600EA0A42 /* InfoPlist.strings */,
			);
			name = "Supporting Files";
			sourceTree = "<group>";
		};
		D211D7FD188DC48400EA0A42 /* Categories */ = {
			isa = PBXGroup;
			children = (
				D211D7FA188DC47A00EA0A42 /* NSString+MorseCode.h */,
				D211D7FB188DC47A00EA0A42 /* NSString+MorseCode.m */,
				D29A2A09188DF5E4009FA15E /* UIColor+MorseTorch.h */,
				D29A2A0A188DF5E4009FA15E /* UIColor+MorseTorch.m */,
			);
			name = Categories;
			sourceTree = "<group>";
		};
		D211D7FE188DC48C00EA0A42 /* Views */ = {
			isa = PBXGroup;
			children = (
				D22B18B0189315290043D7A0 /* SSMorseButton.h */,
				D22B18B1189315290043D7A0 /* SSMorseButton.m */,
				D2DE95EB1894EA8800ECEF7F /* SSResponsiveScrollView.h */,
				D2DE95EC1894EA8800ECEF7F /* SSResponsiveScrollView.m */,
			);
			name = Views;
			sourceTree = "<group>";
		};
		D290E750189AD7C2002F59E9 /* Support Files */ = {
			isa = PBXGroup;
			children = (
				D290E74C189AD7C2002F59E9 /* Pods-M13ProgressSuite.xcconfig */,
				D290E74D189AD7C2002F59E9 /* Pods-M13ProgressSuite-Private.xcconfig */,
				D290E74E189AD7C2002F59E9 /* Pods-M13ProgressSuite-dummy.m */,
				D290E74F189AD7C2002F59E9 /* Pods-M13ProgressSuite-prefix.pch */,
			);
			name = "Support Files";
			path = ..;
			sourceTree = "<group>";
		};
		D290E751189AD7C2002F59E9 /* M13ProgressSuite */ = {
			isa = PBXGroup;
			children = (
				D290E730189AD7C2002F59E9 /* M13ProgressConsole.h */,
				D290E731189AD7C2002F59E9 /* M13ProgressConsole.m */,
				D290E732189AD7C2002F59E9 /* M13ProgressHUD.h */,
				D290E733189AD7C2002F59E9 /* M13ProgressHUD.m */,
				D290E734189AD7C2002F59E9 /* M13ProgressView.h */,
				D290E735189AD7C2002F59E9 /* M13ProgressView.m */,
				D290E736189AD7C2002F59E9 /* M13ProgressViewBar.h */,
				D290E737189AD7C2002F59E9 /* M13ProgressViewBar.m */,
				D290E738189AD7C2002F59E9 /* M13ProgressViewBorderedBar.h */,
				D290E739189AD7C2002F59E9 /* M13ProgressViewBorderedBar.m */,
				D290E73A189AD7C2002F59E9 /* M13ProgressViewFilteredImage.h */,
				D290E73B189AD7C2002F59E9 /* M13ProgressViewFilteredImage.m */,
				D290E73C189AD7C2002F59E9 /* M13ProgressViewImage.h */,
				D290E73D189AD7C2002F59E9 /* M13ProgressViewImage.m */,
				D290E73E189AD7C2002F59E9 /* M13ProgressViewPie.h */,
				D290E73F189AD7C2002F59E9 /* M13ProgressViewPie.m */,
				D290E740189AD7C2002F59E9 /* M13ProgressViewRing.h */,
				D290E741189AD7C2002F59E9 /* M13ProgressViewRing.m */,
				D290E742189AD7C2002F59E9 /* M13ProgressViewSegmentedBar.h */,
				D290E743189AD7C2002F59E9 /* M13ProgressViewSegmentedBar.m */,
				D290E744189AD7C2002F59E9 /* M13ProgressViewSegmentedRing.h */,
				D290E745189AD7C2002F59E9 /* M13ProgressViewSegmentedRing.m */,
				D290E746189AD7C2002F59E9 /* M13ProgressViewStripedBar.h */,
				D290E747189AD7C2002F59E9 /* M13ProgressViewStripedBar.m */,
				D290E748189AD7C2002F59E9 /* UIImage+ImageEffects.h */,
				D290E749189AD7C2002F59E9 /* UIImage+ImageEffects.m */,
				D290E74A189AD7C2002F59E9 /* UINavigationController+M13ProgressViewBar.h */,
				D290E74B189AD7C2002F59E9 /* UINavigationController+M13ProgressViewBar.m */,
				D290E750189AD7C2002F59E9 /* Support Files */,
			);
			name = M13ProgressSuite;
			path = ../Pods/M13ProgressSuite;
			sourceTree = "<group>";
		};
		D29A2A68188F4EBC009FA15E /* Model */ = {
			isa = PBXGroup;
			children = (
				D280F10E1890AC2600FDC137 /* SSProgressViewRingGradient.h */,
				D280F10F1890AC2600FDC137 /* SSProgressViewRingGradient.m */,
				D280F10B1890995600FDC137 /* SSTorchAccess.h */,
				D280F10C1890995600FDC137 /* SSTorchAccess.m */,
				D22B18AC18930B6B0043D7A0 /* SSBrightnessDetector.h */,
				D22B18AD18930B6B0043D7A0 /* SSBrightnessDetector.m */,
			);
			name = Model;
			sourceTree = "<group>";
		};
		D2DE95EA1894EA2A00ECEF7F /* Controller */ = {
			isa = PBXGroup;
			children = (
				D280F1021890825400FDC137 /* SSPageViewController.h */,
				D280F1031890825400FDC137 /* SSPageViewController.m */,
				D280F10518908F9700FDC137 /* SSViewController.h */,
				D280F10618908F9700FDC137 /* SSViewController.m */,
				D211D7F7188DC34100EA0A42 /* InputViewController.h */,
				D211D7F8188DC34100EA0A42 /* InputViewController.m */,
				D280F108189091C200FDC137 /* SSReceiveViewController.h */,
				D280F109189091C200FDC137 /* SSReceiveViewController.m */,
			);
			name = Controller;
			sourceTree = "<group>";
		};
/* End PBXGroup section */

/* Begin PBXNativeTarget section */
		D211D7BE188DC1D600EA0A42 /* Morse Torch */ = {
			isa = PBXNativeTarget;
			buildConfigurationList = D211D7F1188DC1D600EA0A42 /* Build configuration list for PBXNativeTarget "Morse Torch" */;
			buildPhases = (
				F2DC75D050B240379666F37E /* Check Pods Manifest.lock */,
				D211D7BB188DC1D600EA0A42 /* Sources */,
				D211D7BC188DC1D600EA0A42 /* Frameworks */,
				D211D7BD188DC1D600EA0A42 /* Resources */,
				006D3284E4074FDCA41F57F4 /* Copy Pods Resources */,
			);
			buildRules = (
			);
			dependencies = (
			);
			name = "Morse Torch";
			productName = "Morse Torch";
			productReference = D211D7BF188DC1D600EA0A42 /* Morse Torch.app */;
			productType = "com.apple.product-type.application";
		};
		D211D7DF188DC1D600EA0A42 /* Morse TorchTests */ = {
			isa = PBXNativeTarget;
			buildConfigurationList = D211D7F4188DC1D600EA0A42 /* Build configuration list for PBXNativeTarget "Morse TorchTests" */;
			buildPhases = (
				D211D7DC188DC1D600EA0A42 /* Sources */,
				D211D7DD188DC1D600EA0A42 /* Frameworks */,
				D211D7DE188DC1D600EA0A42 /* Resources */,
			);
			buildRules = (
			);
			dependencies = (
				D211D7E6188DC1D600EA0A42 /* PBXTargetDependency */,
			);
			name = "Morse TorchTests";
			productName = "Morse TorchTests";
			productReference = D211D7E0188DC1D600EA0A42 /* Morse TorchTests.xctest */;
			productType = "com.apple.product-type.bundle.unit-test";
		};
/* End PBXNativeTarget section */

/* Begin PBXProject section */
		D211D7B7188DC1D600EA0A42 /* Project object */ = {
			isa = PBXProject;
			attributes = {
				CLASSPREFIX = SS;
				LastUpgradeCheck = 0500;
				ORGANIZATIONNAME = "Steven Stevenson";
				TargetAttributes = {
					D211D7DF188DC1D600EA0A42 = {
						TestTargetID = D211D7BE188DC1D600EA0A42;
					};
				};
			};
			buildConfigurationList = D211D7BA188DC1D600EA0A42 /* Build configuration list for PBXProject "Morse Torch" */;
			compatibilityVersion = "Xcode 3.2";
			developmentRegion = English;
			hasScannedForEncodings = 0;
			knownRegions = (
				en,
				Base,
			);
			mainGroup = D211D7B6188DC1D600EA0A42;
			productRefGroup = D211D7C0188DC1D600EA0A42 /* Products */;
			projectDirPath = "";
			projectRoot = "";
			targets = (
				D211D7BE188DC1D600EA0A42 /* Morse Torch */,
				D211D7DF188DC1D600EA0A42 /* Morse TorchTests */,
			);
		};
/* End PBXProject section */

/* Begin PBXResourcesBuildPhase section */
		D211D7BD188DC1D600EA0A42 /* Resources */ = {
			isa = PBXResourcesBuildPhase;
			buildActionMask = 2147483647;
			files = (
				D290E76F189AD7C2002F59E9 /* Pods-M13ProgressSuite-Private.xcconfig in Resources */,
				D290E75E189AD7C2002F59E9 /* M13ProgressViewImage.h in Resources */,
				D290E766189AD7C2002F59E9 /* M13ProgressViewSegmentedRing.h in Resources */,
				D290E761189AD7C2002F59E9 /* M13ProgressViewPie.m in Resources */,
				D290E758189AD7C2002F59E9 /* M13ProgressViewBar.h in Resources */,
				D290E759189AD7C2002F59E9 /* M13ProgressViewBar.m in Resources */,
				D290E767189AD7C2002F59E9 /* M13ProgressViewSegmentedRing.m in Resources */,
				D290E76C189AD7C2002F59E9 /* UINavigationController+M13ProgressViewBar.h in Resources */,
				D290E762189AD7C2002F59E9 /* M13ProgressViewRing.h in Resources */,
				D290E756189AD7C2002F59E9 /* M13ProgressView.h in Resources */,
				D290E753189AD7C2002F59E9 /* M13ProgressConsole.m in Resources */,
				D290E757189AD7C2002F59E9 /* M13ProgressView.m in Resources */,
				D290E754189AD7C2002F59E9 /* M13ProgressHUD.h in Resources */,
				D290E75F189AD7C2002F59E9 /* M13ProgressViewImage.m in Resources */,
				D290E768189AD7C2002F59E9 /* M13ProgressViewStripedBar.h in Resources */,
				D211D7DB188DC1D600EA0A42 /* Images.xcassets in Resources */,
				D290E76B189AD7C2002F59E9 /* UIImage+ImageEffects.m in Resources */,
				D290E76E189AD7C2002F59E9 /* Pods-M13ProgressSuite.xcconfig in Resources */,
				D290E75A189AD7C2002F59E9 /* M13ProgressViewBorderedBar.h in Resources */,
				D290E76A189AD7C2002F59E9 /* UIImage+ImageEffects.h in Resources */,
				D290E763189AD7C2002F59E9 /* M13ProgressViewRing.m in Resources */,
				D211D7CD188DC1D600EA0A42 /* InfoPlist.strings in Resources */,
				D290E765189AD7C2002F59E9 /* M13ProgressViewSegmentedBar.m in Resources */,
				D290E760189AD7C2002F59E9 /* M13ProgressViewPie.h in Resources */,
				D290E75B189AD7C2002F59E9 /* M13ProgressViewBorderedBar.m in Resources */,
				D290E771189AD7C2002F59E9 /* Pods-M13ProgressSuite-prefix.pch in Resources */,
				D290E755189AD7C2002F59E9 /* M13ProgressHUD.m in Resources */,
				D290E764189AD7C2002F59E9 /* M13ProgressViewSegmentedBar.h in Resources */,
				D290E769189AD7C2002F59E9 /* M13ProgressViewStripedBar.m in Resources */,
				D290E75C189AD7C2002F59E9 /* M13ProgressViewFilteredImage.h in Resources */,
				D290E76D189AD7C2002F59E9 /* UINavigationController+M13ProgressViewBar.m in Resources */,
				D290E770189AD7C2002F59E9 /* Pods-M13ProgressSuite-dummy.m in Resources */,
				D211D7D6188DC1D600EA0A42 /* Main.storyboard in Resources */,
				D290E752189AD7C2002F59E9 /* M13ProgressConsole.h in Resources */,
				D290E75D189AD7C2002F59E9 /* M13ProgressViewFilteredImage.m in Resources */,
			);
			runOnlyForDeploymentPostprocessing = 0;
		};
		D211D7DE188DC1D600EA0A42 /* Resources */ = {
			isa = PBXResourcesBuildPhase;
			buildActionMask = 2147483647;
			files = (
				D211D7EC188DC1D600EA0A42 /* InfoPlist.strings in Resources */,
			);
			runOnlyForDeploymentPostprocessing = 0;
		};
/* End PBXResourcesBuildPhase section */

/* Begin PBXShellScriptBuildPhase section */
		006D3284E4074FDCA41F57F4 /* Copy Pods Resources */ = {
			isa = PBXShellScriptBuildPhase;
			buildActionMask = 2147483647;
			files = (
			);
			inputPaths = (
			);
			name = "Copy Pods Resources";
			outputPaths = (
			);
			runOnlyForDeploymentPostprocessing = 0;
			shellPath = /bin/sh;
			shellScript = "\"${SRCROOT}/Pods/Pods-resources.sh\"\n";
			showEnvVarsInLog = 0;
		};
		F2DC75D050B240379666F37E /* Check Pods Manifest.lock */ = {
			isa = PBXShellScriptBuildPhase;
			buildActionMask = 2147483647;
			files = (
			);
			inputPaths = (
			);
			name = "Check Pods Manifest.lock";
			outputPaths = (
			);
			runOnlyForDeploymentPostprocessing = 0;
			shellPath = /bin/sh;
			shellScript = "diff \"${PODS_ROOT}/../Podfile.lock\" \"${PODS_ROOT}/Manifest.lock\" > /dev/null\nif [[ $? != 0 ]] ; then\n    cat << EOM\nerror: The sandbox is not in sync with the Podfile.lock. Run 'pod install' or update your CocoaPods installation.\nEOM\n    exit 1\nfi\n";
			showEnvVarsInLog = 0;
		};
/* End PBXShellScriptBuildPhase section */

/* Begin PBXSourcesBuildPhase section */
		D211D7BB188DC1D600EA0A42 /* Sources */ = {
			isa = PBXSourcesBuildPhase;
			buildActionMask = 2147483647;
			files = (
				D280F10D1890995600FDC137 /* SSTorchAccess.m in Sources */,
				D22B18AE18930B6B0043D7A0 /* SSBrightnessDetector.m in Sources */,
				D211D801188DC89E00EA0A42 /* Constants.m in Sources */,
				D280F10A189091C200FDC137 /* SSReceiveViewController.m in Sources */,
				D280F1101890AC2600FDC137 /* SSProgressViewRingGradient.m in Sources */,
				D2DE95ED1894EA8800ECEF7F /* SSResponsiveScrollView.m in Sources */,
				D211D7D3188DC1D600EA0A42 /* SSAppDelegate.m in Sources */,
				D22B18B2189315290043D7A0 /* SSMorseButton.m in Sources */,
				D280F10718908F9700FDC137 /* SSViewController.m in Sources */,
				D280F1041890825400FDC137 /* SSPageViewController.m in Sources */,
				D211D7F9188DC34200EA0A42 /* InputViewController.m in Sources */,
				D29A2A0B188DF5E4009FA15E /* UIColor+MorseTorch.m in Sources */,
				D211D7CF188DC1D600EA0A42 /* main.m in Sources */,
				D211D7FC188DC47A00EA0A42 /* NSString+MorseCode.m in Sources */,
			);
			runOnlyForDeploymentPostprocessing = 0;
		};
		D211D7DC188DC1D600EA0A42 /* Sources */ = {
			isa = PBXSourcesBuildPhase;
			buildActionMask = 2147483647;
			files = (
				D211D7EE188DC1D600EA0A42 /* Morse_TorchTests.m in Sources */,
			);
			runOnlyForDeploymentPostprocessing = 0;
		};
/* End PBXSourcesBuildPhase section */

/* Begin PBXTargetDependency section */
		D211D7E6188DC1D600EA0A42 /* PBXTargetDependency */ = {
			isa = PBXTargetDependency;
			target = D211D7BE188DC1D600EA0A42 /* Morse Torch */;
			targetProxy = D211D7E5188DC1D600EA0A42 /* PBXContainerItemProxy */;
		};
/* End PBXTargetDependency section */

/* Begin PBXVariantGroup section */
		D211D7CB188DC1D600EA0A42 /* InfoPlist.strings */ = {
			isa = PBXVariantGroup;
			children = (
				D211D7CC188DC1D600EA0A42 /* en */,
			);
			name = InfoPlist.strings;
			sourceTree = "<group>";
		};
		D211D7D4188DC1D600EA0A42 /* Main.storyboard */ = {
			isa = PBXVariantGroup;
			children = (
				D211D7D5188DC1D600EA0A42 /* Base */,
			);
			name = Main.storyboard;
			sourceTree = "<group>";
		};
		D211D7EA188DC1D600EA0A42 /* InfoPlist.strings */ = {
			isa = PBXVariantGroup;
			children = (
				D211D7EB188DC1D600EA0A42 /* en */,
			);
			name = InfoPlist.strings;
			sourceTree = "<group>";
		};
/* End PBXVariantGroup section */

/* Begin XCBuildConfiguration section */
		D211D7EF188DC1D600EA0A42 /* Debug */ = {
			isa = XCBuildConfiguration;
			buildSettings = {
				ALWAYS_SEARCH_USER_PATHS = NO;
				ARCHS = "$(ARCHS_STANDARD_INCLUDING_64_BIT)";
				CLANG_CXX_LANGUAGE_STANDARD = "gnu++0x";
				CLANG_CXX_LIBRARY = "libc++";
				CLANG_ENABLE_MODULES = YES;
				CLANG_ENABLE_OBJC_ARC = YES;
				CLANG_WARN_BOOL_CONVERSION = YES;
				CLANG_WARN_CONSTANT_CONVERSION = YES;
				CLANG_WARN_DIRECT_OBJC_ISA_USAGE = YES_ERROR;
				CLANG_WARN_EMPTY_BODY = YES;
				CLANG_WARN_ENUM_CONVERSION = YES;
				CLANG_WARN_INT_CONVERSION = YES;
				CLANG_WARN_OBJC_ROOT_CLASS = YES_ERROR;
				CLANG_WARN__DUPLICATE_METHOD_MATCH = YES;
				"CODE_SIGN_IDENTITY[sdk=iphoneos*]" = "iPhone Developer";
				COPY_PHASE_STRIP = NO;
				GCC_C_LANGUAGE_STANDARD = gnu99;
				GCC_DYNAMIC_NO_PIC = NO;
				GCC_OPTIMIZATION_LEVEL = 0;
				GCC_PREPROCESSOR_DEFINITIONS = (
					"DEBUG=1",
					"$(inherited)",
				);
				GCC_SYMBOLS_PRIVATE_EXTERN = NO;
				GCC_WARN_64_TO_32_BIT_CONVERSION = YES;
				GCC_WARN_ABOUT_RETURN_TYPE = YES_ERROR;
				GCC_WARN_UNDECLARED_SELECTOR = YES;
				GCC_WARN_UNINITIALIZED_AUTOS = YES;
				GCC_WARN_UNUSED_FUNCTION = YES;
				GCC_WARN_UNUSED_VARIABLE = YES;
				IPHONEOS_DEPLOYMENT_TARGET = 7.0;
				ONLY_ACTIVE_ARCH = YES;
				SDKROOT = iphoneos;
			};
			name = Debug;
		};
		D211D7F0188DC1D600EA0A42 /* Release */ = {
			isa = XCBuildConfiguration;
			buildSettings = {
				ALWAYS_SEARCH_USER_PATHS = NO;
				ARCHS = "$(ARCHS_STANDARD_INCLUDING_64_BIT)";
				CLANG_CXX_LANGUAGE_STANDARD = "gnu++0x";
				CLANG_CXX_LIBRARY = "libc++";
				CLANG_ENABLE_MODULES = YES;
				CLANG_ENABLE_OBJC_ARC = YES;
				CLANG_WARN_BOOL_CONVERSION = YES;
				CLANG_WARN_CONSTANT_CONVERSION = YES;
				CLANG_WARN_DIRECT_OBJC_ISA_USAGE = YES_ERROR;
				CLANG_WARN_EMPTY_BODY = YES;
				CLANG_WARN_ENUM_CONVERSION = YES;
				CLANG_WARN_INT_CONVERSION = YES;
				CLANG_WARN_OBJC_ROOT_CLASS = YES_ERROR;
				CLANG_WARN__DUPLICATE_METHOD_MATCH = YES;
				"CODE_SIGN_IDENTITY[sdk=iphoneos*]" = "iPhone Developer";
				COPY_PHASE_STRIP = YES;
				ENABLE_NS_ASSERTIONS = NO;
				GCC_C_LANGUAGE_STANDARD = gnu99;
				GCC_WARN_64_TO_32_BIT_CONVERSION = YES;
				GCC_WARN_ABOUT_RETURN_TYPE = YES_ERROR;
				GCC_WARN_UNDECLARED_SELECTOR = YES;
				GCC_WARN_UNINITIALIZED_AUTOS = YES;
				GCC_WARN_UNUSED_FUNCTION = YES;
				GCC_WARN_UNUSED_VARIABLE = YES;
				IPHONEOS_DEPLOYMENT_TARGET = 7.0;
				SDKROOT = iphoneos;
				VALIDATE_PRODUCT = YES;
			};
			name = Release;
		};
		D211D7F2188DC1D600EA0A42 /* Debug */ = {
			isa = XCBuildConfiguration;
			baseConfigurationReference = D012767FCD354272A6EADE44 /* Pods.xcconfig */;
			buildSettings = {
				ASSETCATALOG_COMPILER_APPICON_NAME = AppIcon;
				ASSETCATALOG_COMPILER_LAUNCHIMAGE_NAME = LaunchImage;
				GCC_PRECOMPILE_PREFIX_HEADER = YES;
				GCC_PREFIX_HEADER = "Morse Torch/Morse Torch-Prefix.pch";
				INFOPLIST_FILE = "Morse Torch/Morse Torch-Info.plist";
				PRODUCT_NAME = "$(TARGET_NAME)";
				WRAPPER_EXTENSION = app;
			};
			name = Debug;
		};
		D211D7F3188DC1D600EA0A42 /* Release */ = {
			isa = XCBuildConfiguration;
			baseConfigurationReference = D012767FCD354272A6EADE44 /* Pods.xcconfig */;
			buildSettings = {
				ASSETCATALOG_COMPILER_APPICON_NAME = AppIcon;
				ASSETCATALOG_COMPILER_LAUNCHIMAGE_NAME = LaunchImage;
				GCC_PRECOMPILE_PREFIX_HEADER = YES;
				GCC_PREFIX_HEADER = "Morse Torch/Morse Torch-Prefix.pch";
				INFOPLIST_FILE = "Morse Torch/Morse Torch-Info.plist";
				PRODUCT_NAME = "$(TARGET_NAME)";
				WRAPPER_EXTENSION = app;
			};
			name = Release;
		};
		D211D7F5188DC1D600EA0A42 /* Debug */ = {
			isa = XCBuildConfiguration;
			buildSettings = {
				ARCHS = "$(ARCHS_STANDARD_INCLUDING_64_BIT)";
				BUNDLE_LOADER = "$(BUILT_PRODUCTS_DIR)/Morse Torch.app/Morse Torch";
				FRAMEWORK_SEARCH_PATHS = (
					"$(SDKROOT)/Developer/Library/Frameworks",
					"$(inherited)",
					"$(DEVELOPER_FRAMEWORKS_DIR)",
				);
				GCC_PRECOMPILE_PREFIX_HEADER = YES;
				GCC_PREFIX_HEADER = "Morse Torch/Morse Torch-Prefix.pch";
				GCC_PREPROCESSOR_DEFINITIONS = (
					"DEBUG=1",
					"$(inherited)",
				);
				INFOPLIST_FILE = "Morse TorchTests/Morse TorchTests-Info.plist";
				PRODUCT_NAME = "$(TARGET_NAME)";
				TEST_HOST = "$(BUNDLE_LOADER)";
				WRAPPER_EXTENSION = xctest;
			};
			name = Debug;
		};
		D211D7F6188DC1D600EA0A42 /* Release */ = {
			isa = XCBuildConfiguration;
			buildSettings = {
				ARCHS = "$(ARCHS_STANDARD_INCLUDING_64_BIT)";
				BUNDLE_LOADER = "$(BUILT_PRODUCTS_DIR)/Morse Torch.app/Morse Torch";
				FRAMEWORK_SEARCH_PATHS = (
					"$(SDKROOT)/Developer/Library/Frameworks",
					"$(inherited)",
					"$(DEVELOPER_FRAMEWORKS_DIR)",
				);
				GCC_PRECOMPILE_PREFIX_HEADER = YES;
				GCC_PREFIX_HEADER = "Morse Torch/Morse Torch-Prefix.pch";
				INFOPLIST_FILE = "Morse TorchTests/Morse TorchTests-Info.plist";
				PRODUCT_NAME = "$(TARGET_NAME)";
				TEST_HOST = "$(BUNDLE_LOADER)";
				WRAPPER_EXTENSION = xctest;
			};
			name = Release;
		};
/* End XCBuildConfiguration section */

/* Begin XCConfigurationList section */
		D211D7BA188DC1D600EA0A42 /* Build configuration list for PBXProject "Morse Torch" */ = {
			isa = XCConfigurationList;
			buildConfigurations = (
				D211D7EF188DC1D600EA0A42 /* Debug */,
				D211D7F0188DC1D600EA0A42 /* Release */,
			);
			defaultConfigurationIsVisible = 0;
			defaultConfigurationName = Release;
		};
		D211D7F1188DC1D600EA0A42 /* Build configuration list for PBXNativeTarget "Morse Torch" */ = {
			isa = XCConfigurationList;
			buildConfigurations = (
				D211D7F2188DC1D600EA0A42 /* Debug */,
				D211D7F3188DC1D600EA0A42 /* Release */,
			);
			defaultConfigurationIsVisible = 0;
			defaultConfigurationName = Release;
		};
		D211D7F4188DC1D600EA0A42 /* Build configuration list for PBXNativeTarget "Morse TorchTests" */ = {
			isa = XCConfigurationList;
			buildConfigurations = (
				D211D7F5188DC1D600EA0A42 /* Debug */,
				D211D7F6188DC1D600EA0A42 /* Release */,
			);
			defaultConfigurationIsVisible = 0;
			defaultConfigurationName = Release;
		};
/* End XCConfigurationList section */
	};
	rootObject = D211D7B7188DC1D600EA0A42 /* Project object */;
}
